// !$*UTF8*$!
{
	archiveVersion = 1;
	classes = {
	};
	objectVersion = 48;
	objects = {

/* Begin PBXBuildFile section */
		C91EFDE11FBC3839001B35A5 /* AppDelegate.m in Sources */ = {isa = PBXBuildFile; fileRef = C91EFDE01FBC3839001B35A5 /* AppDelegate.m */; };
		C91EFDE41FBC3839001B35A5 /* ViewController.m in Sources */ = {isa = PBXBuildFile; fileRef = C91EFDE31FBC3839001B35A5 /* ViewController.m */; };
		C91EFDE71FBC3839001B35A5 /* Main.storyboard in Resources */ = {isa = PBXBuildFile; fileRef = C91EFDE51FBC3839001B35A5 /* Main.storyboard */; };
		C91EFDE91FBC3839001B35A5 /* Assets.xcassets in Resources */ = {isa = PBXBuildFile; fileRef = C91EFDE81FBC3839001B35A5 /* Assets.xcassets */; };
		C91EFDEC1FBC3839001B35A5 /* LaunchScreen.storyboard in Resources */ = {isa = PBXBuildFile; fileRef = C91EFDEA1FBC3839001B35A5 /* LaunchScreen.storyboard */; };
		C91EFDEF1FBC3839001B35A5 /* main.m in Sources */ = {isa = PBXBuildFile; fileRef = C91EFDEE1FBC3839001B35A5 /* main.m */; };
/* End PBXBuildFile section */

/* Begin PBXFileReference section */
		C91EFDDC1FBC3839001B35A5 /* ReachabilityHandler.app */ = {isa = PBXFileReference; explicitFileType = wrapper.application; includeInIndex = 0; path = ReachabilityHandler.app; sourceTree = BUILT_PRODUCTS_DIR; };
		C91EFDDF1FBC3839001B35A5 /* AppDelegate.h */ = {isa = PBXFileReference; lastKnownFileType = sourcecode.c.h; path = AppDelegate.h; sourceTree = "<group>"; };
		C91EFDE01FBC3839001B35A5 /* AppDelegate.m */ = {isa = PBXFileReference; lastKnownFileType = sourcecode.c.objc; path = AppDelegate.m; sourceTree = "<group>"; };
		C91EFDE21FBC3839001B35A5 /* ViewController.h */ = {isa = PBXFileReference; lastKnownFileType = sourcecode.c.h; path = ViewController.h; sourceTree = "<group>"; };
		C91EFDE31FBC3839001B35A5 /* ViewController.m */ = {isa = PBXFileReference; lastKnownFileType = sourcecode.c.objc; path = ViewController.m; sourceTree = "<group>"; };
		C91EFDE61FBC3839001B35A5 /* Base */ = {isa = PBXFileReference; lastKnownFileType = file.storyboard; name = Base; path = Base.lproj/Main.storyboard; sourceTree = "<group>"; };
		C91EFDE81FBC3839001B35A5 /* Assets.xcassets */ = {isa = PBXFileReference; lastKnownFileType = folder.assetcatalog; path = Assets.xcassets; sourceTree = "<group>"; };
		C91EFDEB1FBC3839001B35A5 /* Base */ = {isa = PBXFileReference; lastKnownFileType = file.storyboard; name = Base; path = Base.lproj/LaunchScreen.storyboard; sourceTree = "<group>"; };
		C91EFDED1FBC3839001B35A5 /* Info.plist */ = {isa = PBXFileReference; lastKnownFileType = text.plist.xml; path = Info.plist; sourceTree = "<group>"; };
		C91EFDEE1FBC3839001B35A5 /* main.m */ = {isa = PBXFileReference; lastKnownFileType = sourcecode.c.objc; path = main.m; sourceTree = "<group>"; };
/* End PBXFileReference section */

/* Begin PBXFrameworksBuildPhase section */
		C91EFDD91FBC3839001B35A5 /* Frameworks */ = {
			isa = PBXFrameworksBuildPhase;
			buildActionMask = 2147483647;
			files = (
			);
			runOnlyForDeploymentPostprocessing = 0;
		};
/* End PBXFrameworksBuildPhase section */

/* Begin PBXGroup section */
		C91EFDD31FBC3839001B35A5 = {
			isa = PBXGroup;
			children = (
				C91EFDDE1FBC3839001B35A5 /* ReachabilityHandler */,
				C91EFDDD1FBC3839001B35A5 /* Products */,
			);
			sourceTree = "<group>";
		};
		C91EFDDD1FBC3839001B35A5 /* Products */ = {
			isa = PBXGroup;
			children = (
				C91EFDDC1FBC3839001B35A5 /* ReachabilityHandler.app */,
			);
			name = Products;
			sourceTree = "<group>";
		};
		C91EFDDE1FBC3839001B35A5 /* ReachabilityHandler */ = {
			isa = PBXGroup;
			children = (
				C91EFDDF1FBC3839001B35A5 /* AppDelegate.h */,
				C91EFDE01FBC3839001B35A5 /* AppDelegate.m */,
				C91EFDE21FBC3839001B35A5 /* ViewController.h */,
				C91EFDE31FBC3839001B35A5 /* ViewController.m */,
				C91EFDE51FBC3839001B35A5 /* Main.storyboard */,
				C91EFDE81FBC3839001B35A5 /* Assets.xcassets */,
				C91EFDEA1FBC3839001B35A5 /* LaunchScreen.storyboard */,
				C91EFDED1FBC3839001B35A5 /* Info.plist */,
				C91EFDEE1FBC3839001B35A5 /* main.m */,
			);
			path = ReachabilityHandler;
			sourceTree = "<group>";
		};
/* End PBXGroup section */

/* Begin PBXNativeTarget section */
		C91EFDDB1FBC3839001B35A5 /* ReachabilityHandler */ = {
			isa = PBXNativeTarget;
			buildConfigurationList = C91EFDF21FBC3839001B35A5 /* Build configuration list for PBXNativeTarget "ReachabilityHandler" */;
			buildPhases = (
				C91EFDD81FBC3839001B35A5 /* Sources */,
				C91EFDD91FBC3839001B35A5 /* Frameworks */,
				C91EFDDA1FBC3839001B35A5 /* Resources */,
			);
			buildRules = (
			);
			dependencies = (
			);
			name = ReachabilityHandler;
			productName = ReachabilityHandler;
			productReference = C91EFDDC1FBC3839001B35A5 /* ReachabilityHandler.app */;
			productType = "com.apple.product-type.application";
		};
/* End PBXNativeTarget section */

/* Begin PBXProject section */
		C91EFDD41FBC3839001B35A5 /* Project object */ = {
			isa = PBXProject;
			attributes = {
				LastUpgradeCheck = 0910;
				ORGANIZATIONNAME = "Sudhakar Dasari";
				TargetAttributes = {
					C91EFDDB1FBC3839001B35A5 = {
						CreatedOnToolsVersion = 9.1;
						ProvisioningStyle = Automatic;
					};
				};
			};
			buildConfigurationList = C91EFDD71FBC3839001B35A5 /* Build configuration list for PBXProject "ReachabilityHandler" */;
			compatibilityVersion = "Xcode 8.0";
			developmentRegion = en;
			hasScannedForEncodings = 0;
			knownRegions = (
				en,
				Base,
			);
			mainGroup = C91EFDD31FBC3839001B35A5;
			productRefGroup = C91EFDDD1FBC3839001B35A5 /* Products */;
			projectDirPath = "";
			projectRoot = "";
			targets = (
				C91EFDDB1FBC3839001B35A5 /* ReachabilityHandler */,
			);
		};
/* End PBXProject section */

/* Begin PBXResourcesBuildPhase section */
		C91EFDDA1FBC3839001B35A5 /* Resources */ = {
			isa = PBXResourcesBuildPhase;
			buildActionMask = 2147483647;
			files = (
				C91EFDEC1FBC3839001B35A5 /* LaunchScreen.storyboard in Resources */,
				C91EFDE91FBC3839001B35A5 /* Assets.xcassets in Resources */,
				C91EFDE71FBC3839001B35A5 /* Main.storyboard in Resources */,
			);
			runOnlyForDeploymentPostprocessing = 0;
		};
/* End PBXResourcesBuildPhase section */

/* Begin PBXSourcesBuildPhase section */
		C91EFDD81FBC3839001B35A5 /* Sources */ = {
			isa = PBXSourcesBuildPhase;
			buildActionMask = 2147483647;
			files = (
				C91EFDE41FBC3839001B35A5 /* ViewController.m in Sources */,
				C91EFDEF1FBC3839001B35A5 /* main.m in Sources */,
				C91EFDE11FBC3839001B35A5 /* AppDelegate.m in Sources */,
			);
			runOnlyForDeploymentPostprocessing = 0;
		};
/* End PBXSourcesBuildPhase section */

/* Begin PBXVariantGroup section */
		C91EFDE51FBC3839001B35A5 /* Main.storyboard */ = {
			isa = PBXVariantGroup;
			children = (
				C91EFDE61FBC3839001B35A5 /* Base */,
			);
			name = Main.storyboard;
			sourceTree = "<group>";
		};
		C91EFDEA1FBC3839001B35A5 /* LaunchScreen.storyboard */ = {
			isa = PBXVariantGroup;
			children = (
				C91EFDEB1FBC3839001B35A5 /* Base */,
			);
			name = LaunchScreen.storyboard;
			sourceTree = "<group>";
		};
/* End PBXVariantGroup section */

/* Begin XCBuildConfiguration section */
		C91EFDF01FBC3839001B35A5 /* Debug */ = {
			isa = XCBuildConfiguration;
			buildSettings = {
				ALWAYS_SEARCH_USER_PATHS = NO;
				CLANG_ANALYZER_NONNULL = YES;
				CLANG_ANALYZER_NUMBER_OBJECT_CONVERSION = YES_AGGRESSIVE;
				CLANG_CXX_LANGUAGE_STANDARD = "gnu++14";
				CLANG_CXX_LIBRARY = "libc++";
				CLANG_ENABLE_MODULES = YES;
				CLANG_ENABLE_OBJC_ARC = YES;
				CLANG_WARN_BLOCK_CAPTURE_AUTORELEASING = YES;
				CLANG_WARN_BOOL_CONVERSION = YES;
				CLANG_WARN_COMMA = YES;
				CLANG_WARN_CONSTANT_CONVERSION = YES;
				CLANG_WARN_DIRECT_OBJC_ISA_USAGE = YES_ERROR;
				CLANG_WARN_DOCUMENTATION_COMMENTS = YES;
				CLANG_WARN_EMPTY_BODY = YES;
				CLANG_WARN_ENUM_CONVERSION = YES;
				CLANG_WARN_INFINITE_RECURSION = YES;
				CLANG_WARN_INT_CONVERSION = YES;
				CLANG_WARN_NON_LITERAL_NULL_CONVERSION = YES;
				CLANG_WARN_OBJC_LITERAL_CONVERSION = YES;
				CLANG_WARN_OBJC_ROOT_CLASS = YES_ERROR;
				CLANG_WARN_RANGE_LOOP_ANALYSIS = YES;
				CLANG_WARN_STRICT_PROTOTYPES = YES;
				CLANG_WARN_SUSPICIOUS_MOVE = YES;
				CLANG_WARN_UNGUARDED_AVAILABILITY = YES_AGGRESSIVE;
				CLANG_WARN_UNREACHABLE_CODE = YES;
				CLANG_WARN__DUPLICATE_METHOD_MATCH = YES;
				CODE_SIGN_IDENTITY = "iPhone Developer";
				COPY_PHASE_STRIP = NO;
				DEBUG_INFORMATION_FORMAT = dwarf;
				ENABLE_STRICT_OBJC_MSGSEND = YES;
				ENABLE_TESTABILITY = YES;
				GCC_C_LANGUAGE_STANDARD = gnu11;
				GCC_DYNAMIC_NO_PIC = NO;
				GCC_NO_COMMON_BLOCKS = YES;
				GCC_OPTIMIZATION_LEVEL = 0;
				GCC_PREPROCESSOR_DEFINITIONS = (
					"DEBUG=1",
					"$(inherited)",
				);
				GCC_WARN_64_TO_32_BIT_CONVERSION = YES;
				GCC_WARN_ABOUT_RETURN_TYPE = YES_ERROR;
				GCC_WARN_UNDECLARED_SELECTOR = YES;
				GCC_WARN_UNINITIALIZED_AUTOS = YES_AGGRESSIVE;
				GCC_WARN_UNUSED_FUNCTION = YES;
				GCC_WARN_UNUSED_VARIABLE = YES;
				IPHONEOS_DEPLOYMENT_TARGET = 11.1;
				MTL_ENABLE_DEBUG_INFO = YES;
				ONLY_ACTIVE_ARCH = YES;
				SDKROOT = iphoneos;
			};
			name = Debug;
		};
		C91EFDF11FBC3839001B35A5 /* Release */ = {
			isa = XCBuildConfiguration;
			buildSettings = {
				ALWAYS_SEARCH_USER_PATHS = NO;
				CLANG_ANALYZER_NONNULL = YES;
				CLANG_ANALYZER_NUMBER_OBJECT_CONVERSION = YES_AGGRESSIVE;
				CLANG_CXX_LANGUAGE_STANDARD = "gnu++14";
				CLANG_CXX_LIBRARY = "libc++";
				CLANG_ENABLE_MODULES = YES;
				CLANG_ENABLE_OBJC_ARC = YES;
				CLANG_WARN_BLOCK_CAPTURE_AUTORELEASING = YES;
				CLANG_WARN_BOOL_CONVERSION = YES;
				CLANG_WARN_COMMA = YES;
				CLANG_WARN_CONSTANT_CONVERSION = YES;
				CLANG_WARN_DIRECT_OBJC_ISA_USAGE = YES_ERROR;
				CLANG_WARN_DOCUMENTATION_COMMENTS = YES;
				CLANG_WARN_EMPTY_BODY = YES;
				CLANG_WARN_ENUM_CONVERSION = YES;
				CLANG_WARN_INFINITE_RECURSION = YES;
				CLANG_WARN_INT_CONVERSION = YES;
				CLANG_WARN_NON_LITERAL_NULL_CONVERSION = YES;
				CLANG_WARN_OBJC_LITERAL_CONVERSION = YES;
				CLANG_WARN_OBJC_ROOT_CLASS = YES_ERROR;
				CLANG_WARN_RANGE_LOOP_ANALYSIS = YES;
				CLANG_WARN_STRICT_PROTOTYPES = YES;
				CLANG_WARN_SUSPICIOUS_MOVE = YES;
				CLANG_WARN_UNGUARDED_AVAILABILITY = YES_AGGRESSIVE;
				CLANG_WARN_UNREACHABLE_CODE = YES;
				CLANG_WARN__DUPLICATE_METHOD_MATCH = YES;
				CODE_SIGN_IDENTITY = "iPhone Developer";
				COPY_PHASE_STRIP = NO;
				DEBUG_INFORMATION_FORMAT = "dwarf-with-dsym";
				ENABLE_NS_ASSERTIONS = NO;
				ENABLE_STRICT_OBJC_MSGSEND = YES;
				GCC_C_LANGUAGE_STANDARD = gnu11;
				GCC_NO_COMMON_BLOCKS = YES;
				GCC_WARN_64_TO_32_BIT_CONVERSION = YES;
				GCC_WARN_ABOUT_RETURN_TYPE = YES_ERROR;
				GCC_WARN_UNDECLARED_SELECTOR = YES;
				GCC_WARN_UNINITIALIZED_AUTOS = YES_AGGRESSIVE;
				GCC_WARN_UNUSED_FUNCTION = YES;
				GCC_WARN_UNUSED_VARIABLE = YES;
				IPHONEOS_DEPLOYMENT_TARGET = 11.1;
				MTL_ENABLE_DEBUG_INFO = NO;
				SDKROOT = iphoneos;
				VALIDATE_PRODUCT = YES;
			};
			name = Release;
		};
		C91EFDF31FBC3839001B35A5 /* Debug */ = {
			isa = XCBuildConfiguration;
			buildSettings = {
				ASSETCATALOG_COMPILER_APPICON_NAME = AppIcon;
				CODE_SIGN_STYLE = Automatic;
				INFOPLIST_FILE = ReachabilityHandler/Info.plist;
				LD_RUNPATH_SEARCH_PATHS = "$(inherited) @executable_path/Frameworks";
				PRODUCT_BUNDLE_IDENTIFIER = com.sudhakar.ReachabilityHandler;
				PRODUCT_NAME = "$(TARGET_NAME)";
				TARGETED_DEVICE_FAMILY = "1,2";
			};
			name = Debug;
		};
		C91EFDF41FBC3839001B35A5 /* Release */ = {
			isa = XCBuildConfiguration;
			buildSettings = {
				ASSETCATALOG_COMPILER_APPICON_NAME = AppIcon;
				CODE_SIGN_STYLE = Automatic;
				INFOPLIST_FILE = ReachabilityHandler/Info.plist;
				LD_RUNPATH_SEARCH_PATHS = "$(inherited) @executable_path/Frameworks";
				PRODUCT_BUNDLE_IDENTIFIER = com.sudhakar.ReachabilityHandler;
				PRODUCT_NAME = "$(TARGET_NAME)";
				TARGETED_DEVICE_FAMILY = "1,2";
			};
			name = Release;
		};
/* End XCBuildConfiguration section */

/* Begin XCConfigurationList section */
		C91EFDD71FBC3839001B35A5 /* Build configuration list for PBXProject "ReachabilityHandler" */ = {
			isa = XCConfigurationList;
			buildConfigurations = (
				C91EFDF01FBC3839001B35A5 /* Debug */,
				C91EFDF11FBC3839001B35A5 /* Release */,
			);
			defaultConfigurationIsVisible = 0;
			defaultConfigurationName = Release;
		};
		C91EFDF21FBC3839001B35A5 /* Build configuration list for PBXNativeTarget "ReachabilityHandler" */ = {
			isa = XCConfigurationList;
			buildConfigurations = (
				C91EFDF31FBC3839001B35A5 /* Debug */,
				C91EFDF41FBC3839001B35A5 /* Release */,
			);
			defaultConfigurationIsVisible = 0;
			defaultConfigurationName = Release;
		};
/* End XCConfigurationList section */
	};
	rootObject = C91EFDD41FBC3839001B35A5 /* Project object */;
}
